speakeasyVersion: 1.344.1
sources:
    hris:
        sourceNamespace: hris
        sourceRevisionDigest: sha256:82502c02f7326834f5973abb6f50de8cdc24f65c40b5c16bf1a87381e01460e5
        sourceBlobDigest: sha256:a21283c725517eae2c1e09b5fa157355a7cbe02c3b05854f3ecb07cf8820cc1a
        tags:
            - latest
    my-source:
        sourceNamespace: my-source
        sourceRevisionDigest: sha256:8d98f2844fb10874adee24e7c38e58726a5f7957b95d62107c3fc916349a01f4
        sourceBlobDigest: sha256:ef19828ab8ee8f24ab79489792a4c464ea05a6b83d970c2ccc18b5bf3163b008
        tags:
            - latest
            - main
targets:
    my-first-target:
        source: my-source
        sourceNamespace: my-source
        sourceRevisionDigest: sha256:8d98f2844fb10874adee24e7c38e58726a5f7957b95d62107c3fc916349a01f4
        sourceBlobDigest: sha256:ef19828ab8ee8f24ab79489792a4c464ea05a6b83d970c2ccc18b5bf3163b008
        outLocation: /github/workspace/repo
workflow:
    workflowVersion: 1.0.0
    speakeasyVersion: latest
    sources:
        my-source:
            inputs:
                - location: https://api2.eu1.stackone.com/oas/stackone.json
                - location: https://api2.eu1.stackone.com/oas/hris.json
                - location: https://api2.eu1.stackone.com/oas/ats.json
                - location: https://api2.eu1.stackone.com/oas/crm.json
                - location: https://api2.eu1.stackone.com/oas/iam.json
                - location: https://api2.eu1.stackone.com/oas/marketing.json
            registry:
                location: registry.speakeasyapi.dev/stackone/stackone/my-source
    targets:
        my-first-target:
            target: postman
            source: my-source
